
Microsoft Visual Studio Solution File, Format Version 12.00
# Visual Studio Version 16
VisualStudioVersion = 16.0.31729.503
MinimumVisualStudioVersion = 10.0.40219.1
Project("{FAE04EC0-301F-11D3-BF4B-00C04F79EFBC}") = "CollectionView Tutorial.Android", "CollectionView Tutorial\CollectionView Tutorial.Android\CollectionView Tutorial.Android.csproj", "{A74FC679-6B7E-446A-9FE9-33D9796BCE9C}"
EndProject
Project("{FAE04EC0-301F-11D3-BF4B-00C04F79EFBC}") = "CollectionView Tutorial.iOS", "CollectionView Tutorial\CollectionView Tutorial.iOS\CollectionView Tutorial.iOS.csproj", "{62F89CBF-06DD-4B06-B37F-38C42C665912}"
EndProject
Project("{FAE04EC0-301F-11D3-BF4B-00C04F79EFBC}") = "CollectionView Tutorial", "CollectionView Tutorial\CollectionView Tutorial\CollectionView Tutorial.csproj", "{62B40686-8314-42DD-AD0F-DFD04F269E19}"
EndProject
Global
	GlobalSection(SolutionConfigurationPlatforms) = preSolution
		Debug|Any CPU = Debug|Any CPU
		Debug|iPhone = Debug|iPhone
		Debug|iPhoneSimulator = Debug|iPhoneSimulator
		Release|Any CPU = Release|Any CPU
		Release|iPhone = Release|iPhone
		Release|iPhoneSimulator = Release|iPhoneSimulator
	EndGlobalSection
	GlobalSection(ProjectConfigurationPlatforms) = postSolution
		{A74FC679-6B7E-446A-9FE9-33D9796BCE9C}.Debug|Any CPU.ActiveCfg = Debug|Any CPU
		{A74FC679-6B7E-446A-9FE9-33D9796BCE9C}.Debug|Any CPU.Build.0 = Debug|Any CPU
		{A74FC679-6B7E-446A-9FE9-33D9796BCE9C}.Debug|Any CPU.Deploy.0 = Debug|Any CPU
		{A74FC679-6B7E-446A-9FE9-33D9796BCE9C}.Debug|iPhone.ActiveCfg = Debug|Any CPU
		{A74FC679-6B7E-446A-9FE9-33D9796BCE9C}.Debug|iPhone.Build.0 = Debug|Any CPU
		{A74FC679-6B7E-446A-9FE9-33D9796BCE9C}.Debug|iPhone.Deploy.0 = Debug|Any CPU
		{A74FC679-6B7E-446A-9FE9-33D9796BCE9C}.Debug|iPhoneSimulator.ActiveCfg = Debug|Any CPU
		{A74FC679-6B7E-446A-9FE9-33D9796BCE9C}.Debug|iPhoneSimulator.Build.0 = Debug|Any CPU
		{A74FC679-6B7E-446A-9FE9-33D9796BCE9C}.Debug|iPhoneSimulator.Deploy.0 = Debug|Any CPU
		{A74FC679-6B7E-446A-9FE9-33D9796BCE9C}.Release|Any CPU.ActiveCfg = Release|Any CPU
		{A74FC679-6B7E-446A-9FE9-33D9796BCE9C}.Release|Any CPU.Build.0 = Release|Any CPU
		{A74FC679-6B7E-446A-9FE9-33D9796BCE9C}.Release|Any CPU.Deploy.0 = Release|Any CPU
		{A74FC679-6B7E-446A-9FE9-33D9796BCE9C}.Release|iPhone.ActiveCfg = Release|Any CPU
		{A74FC679-6B7E-446A-9FE9-33D9796BCE9C}.Release|iPhone.Build.0 = Release|Any CPU
		{A74FC679-6B7E-446A-9FE9-33D9796BCE9C}.Release|iPhone.Deploy.0 = Release|Any CPU
		{A74FC679-6B7E-446A-9FE9-33D9796BCE9C}.Release|iPhoneSimulator.ActiveCfg = Release|Any CPU
		{A74FC679-6B7E-446A-9FE9-33D9796BCE9C}.Release|iPhoneSimulator.Build.0 = Release|Any CPU
		{A74FC679-6B7E-446A-9FE9-33D9796BCE9C}.Release|iPhoneSimulator.Deploy.0 = Release|Any CPU
		{62F89CBF-06DD-4B06-B37F-38C42C665912}.Debug|Any CPU.ActiveCfg = Debug|iPhone
		{62F89CBF-06DD-4B06-B37F-38C42C665912}.Debug|Any CPU.Build.0 = Debug|iPhone
		{62F89CBF-06DD-4B06-B37F-38C42C665912}.Debug|Any CPU.Deploy.0 = Debug|iPhone
		{62F89CBF-06DD-4B06-B37F-38C42C665912}.Debug|iPhone.ActiveCfg = Debug|iPhone
		{62F89CBF-06DD-4B06-B37F-38C42C665912}.Debug|iPhone.Build.0 = Debug|iPhone
		{62F89CBF-06DD-4B06-B37F-38C42C665912}.Debug|iPhone.Deploy.0 = Debug|iPhone
		{62F89CBF-06DD-4B06-B37F-38C42C665912}.Debug|iPhoneSimulator.ActiveCfg = Debug|iPhoneSimulator
		{62F89CBF-06DD-4B06-B37F-38C42C665912}.Debug|iPhoneSimulator.Build.0 = Debug|iPhoneSimulator
		{62F89CBF-06DD-4B06-B37F-38C42C665912}.Debug|iPhoneSimulator.Deploy.0 = Debug|iPhoneSimulator
		{62F89CBF-06DD-4B06-B37F-38C42C665912}.Release|Any CPU.ActiveCfg = Release|iPhoneSimulator
		{62F89CBF-06DD-4B06-B37F-38C42C665912}.Release|Any CPU.Build.0 = Release|iPhoneSimulator
		{62F89CBF-06DD-4B06-B37F-38C42C665912}.Release|Any CPU.Deploy.0 = Release|iPhoneSimulator
		{62F89CBF-06DD-4B06-B37F-38C42C665912}.Release|iPhone.ActiveCfg = Release|iPhone
		{62F89CBF-06DD-4B06-B37F-38C42C665912}.Release|iPhone.Build.0 = Release|iPhone
		{62F89CBF-06DD-4B06-B37F-38C42C665912}.Release|iPhone.Deploy.0 = Release|iPhone
		{62F89CBF-06DD-4B06-B37F-38C42C665912}.Release|iPhoneSimulator.ActiveCfg = Release|iPhoneSimulator
		{62F89CBF-06DD-4B06-B37F-38C42C665912}.Release|iPhoneSimulator.Build.0 = Release|iPhoneSimulator
		{62F89CBF-06DD-4B06-B37F-38C42C665912}.Release|iPhoneSimulator.Deploy.0 = Release|iPhoneSimulator
		{62B40686-8314-42DD-AD0F-DFD04F269E19}.Debug|Any CPU.ActiveCfg = Debug|Any CPU
		{62B40686-8314-42DD-AD0F-DFD04F269E19}.Debug|Any CPU.Build.0 = Debug|Any CPU
		{62B40686-8314-42DD-AD0F-DFD04F269E19}.Debug|Any CPU.Deploy.0 = Debug|Any CPU
		{62B40686-8314-42DD-AD0F-DFD04F269E19}.Debug|iPhone.ActiveCfg = Debug|Any CPU
		{62B40686-8314-42DD-AD0F-DFD04F269E19}.Debug|iPhone.Build.0 = Debug|Any CPU
		{62B40686-8314-42DD-AD0F-DFD04F269E19}.Debug|iPhone.Deploy.0 = Debug|Any CPU
		{62B40686-8314-42DD-AD0F-DFD04F269E19}.Debug|iPhoneSimulator.ActiveCfg = Debug|Any CPU
		{62B40686-8314-42DD-AD0F-DFD04F269E19}.Debug|iPhoneSimulator.Build.0 = Debug|Any CPU
		{62B40686-8314-42DD-AD0F-DFD04F269E19}.Debug|iPhoneSimulator.Deploy.0 = Debug|Any CPU
		{62B40686-8314-42DD-AD0F-DFD04F269E19}.Release|Any CPU.ActiveCfg = Release|Any CPU
		{62B40686-8314-42DD-AD0F-DFD04F269E19}.Release|Any CPU.Build.0 = Release|Any CPU
		{62B40686-8314-42DD-AD0F-DFD04F269E19}.Release|Any CPU.Deploy.0 = Release|Any CPU
		{62B40686-8314-42DD-AD0F-DFD04F269E19}.Release|iPhone.ActiveCfg = Release|Any CPU
		{62B40686-8314-42DD-AD0F-DFD04F269E19}.Release|iPhone.Build.0 = Release|Any CPU
		{62B40686-8314-42DD-AD0F-DFD04F269E19}.Release|iPhone.Deploy.0 = Release|Any CPU
		{62B40686-8314-42DD-AD0F-DFD04F269E19}.Release|iPhoneSimulator.ActiveCfg = Release|Any CPU
		{62B40686-8314-42DD-AD0F-DFD04F269E19}.Release|iPhoneSimulator.Build.0 = Release|Any CPU
		{62B40686-8314-42DD-AD0F-DFD04F269E19}.Release|iPhoneSimulator.Deploy.0 = Release|Any CPU
	EndGlobalSection
	GlobalSection(SolutionProperties) = preSolution
		HideSolutionNode = FALSE
	EndGlobalSection
	GlobalSection(ExtensibilityGlobals) = postSolution
		SolutionGuid = {F684D67A-A3A9-4764-B7D3-BE5A3228D735}
	EndGlobalSection
EndGlobal
